
Microsoft Visual Studio Solution File, Format Version 12.00
# Visual Studio Version 17
VisualStudioVersion = 17.10.35027.167
MinimumVisualStudioVersion = 10.0.40219.1
Project("{FAE04EC0-301F-11D3-BF4B-00C04F79EFBC}") = "EJER 1", "EJER 1\EJER 1.csproj", "{A35FF0BD-2893-4BB0-8240-EF76BEAD3081}"
EndProject
Project("{FAE04EC0-301F-11D3-BF4B-00C04F79EFBC}") = "EJER 2", "EJER 2\EJER 2.csproj", "{7FCD77D5-3081-4FF8-B4DE-9546C494FC54}"
EndProject
Project("{FAE04EC0-301F-11D3-BF4B-00C04F79EFBC}") = "ejerc 3", "ejerc 3\ejerc 3.csproj", "{1117D673-4A3E-45CD-AEEF-77F65689DF58}"
EndProject
Global
	GlobalSection(SolutionConfigurationPlatforms) = preSolution
		Debug|Any CPU = Debug|Any CPU
		Release|Any CPU = Release|Any CPU
	EndGlobalSection
	GlobalSection(ProjectConfigurationPlatforms) = postSolution
		{A35FF0BD-2893-4BB0-8240-EF76BEAD3081}.Debug|Any CPU.ActiveCfg = Debug|Any CPU
		{A35FF0BD-2893-4BB0-8240-EF76BEAD3081}.Debug|Any CPU.Build.0 = Debug|Any CPU
		{A35FF0BD-2893-4BB0-8240-EF76BEAD3081}.Release|Any CPU.ActiveCfg = Release|Any CPU
		{A35FF0BD-2893-4BB0-8240-EF76BEAD3081}.Release|Any CPU.Build.0 = Release|Any CPU
		{7FCD77D5-3081-4FF8-B4DE-9546C494FC54}.Debug|Any CPU.ActiveCfg = Debug|Any CPU
		{7FCD77D5-3081-4FF8-B4DE-9546C494FC54}.Debug|Any CPU.Build.0 = Debug|Any CPU
		{7FCD77D5-3081-4FF8-B4DE-9546C494FC54}.Release|Any CPU.ActiveCfg = Release|Any CPU
		{7FCD77D5-3081-4FF8-B4DE-9546C494FC54}.Release|Any CPU.Build.0 = Release|Any CPU
		{1117D673-4A3E-45CD-AEEF-77F65689DF58}.Debug|Any CPU.ActiveCfg = Debug|Any CPU
		{1117D673-4A3E-45CD-AEEF-77F65689DF58}.Debug|Any CPU.Build.0 = Debug|Any CPU
		{1117D673-4A3E-45CD-AEEF-77F65689DF58}.Release|Any CPU.ActiveCfg = Release|Any CPU
		{1117D673-4A3E-45CD-AEEF-77F65689DF58}.Release|Any CPU.Build.0 = Release|Any CPU
	EndGlobalSection
	GlobalSection(SolutionProperties) = preSolution
		HideSolutionNode = FALSE
	EndGlobalSection
	GlobalSection(ExtensibilityGlobals) = postSolution
		SolutionGuid = {9060E849-C6F9-437B-B86F-21F18281F118}
	EndGlobalSection
EndGlobal
